{
  "name": "hourglass-timeline",
  "version": "1.0.0",
  "lockfileVersion": 1,
  "requires": true,
  "dependencies": {
    "@skinnyjames/hourglass": {
      "version": "1.2.1",
      "resolved": "https://registry.npmjs.org/@skinnyjames/hourglass/-/hourglass-1.2.1.tgz",
      "integrity": "sha1-jZC3xet5f2t44OJfx4RnY7Sldq0="
    }
  }
}
